// !$*UTF8*$!
{
	archiveVersion = 1;
	classes = {
	};
	objectVersion = 46;
	objects = {

/* Begin PBXBuildFile section */
		CB9779221733DE3A00E6706B /* UIKit.framework in Frameworks */ = {isa = PBXBuildFile; fileRef = CB9779211733DE3A00E6706B /* UIKit.framework */; };
		CB9779241733DE3A00E6706B /* Foundation.framework in Frameworks */ = {isa = PBXBuildFile; fileRef = CB9779231733DE3A00E6706B /* Foundation.framework */; };
		CB9779261733DE3A00E6706B /* CoreGraphics.framework in Frameworks */ = {isa = PBXBuildFile; fileRef = CB9779251733DE3A00E6706B /* CoreGraphics.framework */; };
		CB97792C1733DE3A00E6706B /* InfoPlist.strings in Resources */ = {isa = PBXBuildFile; fileRef = CB97792A1733DE3A00E6706B /* InfoPlist.strings */; };
		CB97792E1733DE3A00E6706B /* main.m in Sources */ = {isa = PBXBuildFile; fileRef = CB97792D1733DE3A00E6706B /* main.m */; };
		CB9779321733DE3A00E6706B /* TSAppDelegate.m in Sources */ = {isa = PBXBuildFile; fileRef = CB9779311733DE3A00E6706B /* TSAppDelegate.m */; };
		CB9779341733DE3A00E6706B /* Default.png in Resources */ = {isa = PBXBuildFile; fileRef = CB9779331733DE3A00E6706B /* Default.png */; };
		CB9779361733DE3A00E6706B /* Default@2x.png in Resources */ = {isa = PBXBuildFile; fileRef = CB9779351733DE3A00E6706B /* Default@2x.png */; };
		CB9779381733DE3A00E6706B /* Default-568h@2x.png in Resources */ = {isa = PBXBuildFile; fileRef = CB9779371733DE3A00E6706B /* Default-568h@2x.png */; };
		CB97793B1733DE3A00E6706B /* MainStoryboard.storyboard in Resources */ = {isa = PBXBuildFile; fileRef = CB9779391733DE3A00E6706B /* MainStoryboard.storyboard */; };
		CB97793E1733DE3A00E6706B /* TSViewController.m in Sources */ = {isa = PBXBuildFile; fileRef = CB97793D1733DE3A00E6706B /* TSViewController.m */; };
		CB9779461733DE5F00E6706B /* TSPlayingCardView.m in Sources */ = {isa = PBXBuildFile; fileRef = CB9779451733DE5F00E6706B /* TSPlayingCardView.m */; };
		CB97794B1733FF4A00E6706B /* BlueCardBack.png in Resources */ = {isa = PBXBuildFile; fileRef = CB9779481733FF4A00E6706B /* BlueCardBack.png */; };
		CB97794C1733FF4A00E6706B /* RedCardBack.png in Resources */ = {isa = PBXBuildFile; fileRef = CB9779491733FF4A00E6706B /* RedCardBack.png */; };
		CB97794D1733FF4A00E6706B /* YugiohCardBack.jpg in Resources */ = {isa = PBXBuildFile; fileRef = CB97794A1733FF4A00E6706B /* YugiohCardBack.jpg */; };
		CB977961173400C900E6706B /* Card.m in Sources */ = {isa = PBXBuildFile; fileRef = CB977950173400C900E6706B /* Card.m */; };
		CB977962173400C900E6706B /* CardGame.m in Sources */ = {isa = PBXBuildFile; fileRef = CB977952173400C900E6706B /* CardGame.m */; };
		CB977963173400C900E6706B /* Deck.m in Sources */ = {isa = PBXBuildFile; fileRef = CB977954173400C900E6706B /* Deck.m */; };
		CB977964173400C900E6706B /* PlayingCard.m in Sources */ = {isa = PBXBuildFile; fileRef = CB977956173400C900E6706B /* PlayingCard.m */; };
		CB977965173400C900E6706B /* PlayingCardDeck.m in Sources */ = {isa = PBXBuildFile; fileRef = CB977958173400C900E6706B /* PlayingCardDeck.m */; };
		CB977966173400C900E6706B /* SetCard.m in Sources */ = {isa = PBXBuildFile; fileRef = CB97795A173400C900E6706B /* SetCard.m */; };
		CB977967173400C900E6706B /* SetCardDeck.m in Sources */ = {isa = PBXBuildFile; fileRef = CB97795C173400C900E6706B /* SetCardDeck.m */; };
		CB977968173400C900E6706B /* SetCardGame.m in Sources */ = {isa = PBXBuildFile; fileRef = CB97795E173400C900E6706B /* SetCardGame.m */; };
		CB977969173400C900E6706B /* Settings.m in Sources */ = {isa = PBXBuildFile; fileRef = CB977960173400C900E6706B /* Settings.m */; };
		CBAB8C441735644F00BDFDD0 /* CardGameViewController.m in Sources */ = {isa = PBXBuildFile; fileRef = CBAB8C431735644F00BDFDD0 /* CardGameViewController.m */; };
		CBAB8C47173567DF00BDFDD0 /* TSPlayingCardCollectionViewCell.m in Sources */ = {isa = PBXBuildFile; fileRef = CBAB8C46173567DF00BDFDD0 /* TSPlayingCardCollectionViewCell.m */; };
		CBAB8C4A17356BCC00BDFDD0 /* TSPlayingCardGameViewController.m in Sources */ = {isa = PBXBuildFile; fileRef = CBAB8C4917356BCC00BDFDD0 /* TSPlayingCardGameViewController.m */; };
		CBE4CA741737CB8B004FC315 /* TSSetCardGameViewController.m in Sources */ = {isa = PBXBuildFile; fileRef = CBE4CA731737CB8B004FC315 /* TSSetCardGameViewController.m */; };
		CBE4CA771737CC89004FC315 /* TSSetCardView.m in Sources */ = {isa = PBXBuildFile; fileRef = CBE4CA761737CC89004FC315 /* TSSetCardView.m */; };
		CBE4CA7D1737D8F1004FC315 /* TSSetCardCollectionViewCell.m in Sources */ = {isa = PBXBuildFile; fileRef = CBE4CA7C1737D8F0004FC315 /* TSSetCardCollectionViewCell.m */; };
/* End PBXBuildFile section */

/* Begin PBXFileReference section */
		CB97791E1733DE3A00E6706B /* Graphical Card Games.app */ = {isa = PBXFileReference; explicitFileType = wrapper.application; includeInIndex = 0; path = "Graphical Card Games.app"; sourceTree = BUILT_PRODUCTS_DIR; };
		CB9779211733DE3A00E6706B /* UIKit.framework */ = {isa = PBXFileReference; lastKnownFileType = wrapper.framework; name = UIKit.framework; path = System/Library/Frameworks/UIKit.framework; sourceTree = SDKROOT; };
		CB9779231733DE3A00E6706B /* Foundation.framework */ = {isa = PBXFileReference; lastKnownFileType = wrapper.framework; name = Foundation.framework; path = System/Library/Frameworks/Foundation.framework; sourceTree = SDKROOT; };
		CB9779251733DE3A00E6706B /* CoreGraphics.framework */ = {isa = PBXFileReference; lastKnownFileType = wrapper.framework; name = CoreGraphics.framework; path = System/Library/Frameworks/CoreGraphics.framework; sourceTree = SDKROOT; };
		CB9779291733DE3A00E6706B /* Graphical Card Games-Info.plist */ = {isa = PBXFileReference; lastKnownFileType = text.plist.xml; path = "Graphical Card Games-Info.plist"; sourceTree = "<group>"; };
		CB97792B1733DE3A00E6706B /* en */ = {isa = PBXFileReference; lastKnownFileType = text.plist.strings; name = en; path = en.lproj/InfoPlist.strings; sourceTree = "<group>"; };
		CB97792D1733DE3A00E6706B /* main.m */ = {isa = PBXFileReference; lastKnownFileType = sourcecode.c.objc; path = main.m; sourceTree = "<group>"; };
		CB97792F1733DE3A00E6706B /* Graphical Card Games-Prefix.pch */ = {isa = PBXFileReference; lastKnownFileType = sourcecode.c.h; path = "Graphical Card Games-Prefix.pch"; sourceTree = "<group>"; };
		CB9779301733DE3A00E6706B /* TSAppDelegate.h */ = {isa = PBXFileReference; lastKnownFileType = sourcecode.c.h; path = TSAppDelegate.h; sourceTree = "<group>"; };
		CB9779311733DE3A00E6706B /* TSAppDelegate.m */ = {isa = PBXFileReference; lastKnownFileType = sourcecode.c.objc; path = TSAppDelegate.m; sourceTree = "<group>"; };
		CB9779331733DE3A00E6706B /* Default.png */ = {isa = PBXFileReference; lastKnownFileType = image.png; path = Default.png; sourceTree = "<group>"; };
		CB9779351733DE3A00E6706B /* Default@2x.png */ = {isa = PBXFileReference; lastKnownFileType = image.png; path = "Default@2x.png"; sourceTree = "<group>"; };
		CB9779371733DE3A00E6706B /* Default-568h@2x.png */ = {isa = PBXFileReference; lastKnownFileType = image.png; path = "Default-568h@2x.png"; sourceTree = "<group>"; };
		CB97793A1733DE3A00E6706B /* en */ = {isa = PBXFileReference; lastKnownFileType = file.storyboard; name = en; path = en.lproj/MainStoryboard.storyboard; sourceTree = "<group>"; };
		CB97793C1733DE3A00E6706B /* TSViewController.h */ = {isa = PBXFileReference; lastKnownFileType = sourcecode.c.h; path = TSViewController.h; sourceTree = "<group>"; };
		CB97793D1733DE3A00E6706B /* TSViewController.m */ = {isa = PBXFileReference; lastKnownFileType = sourcecode.c.objc; path = TSViewController.m; sourceTree = "<group>"; };
		CB9779441733DE5F00E6706B /* TSPlayingCardView.h */ = {isa = PBXFileReference; fileEncoding = 4; lastKnownFileType = sourcecode.c.h; path = TSPlayingCardView.h; sourceTree = "<group>"; };
		CB9779451733DE5F00E6706B /* TSPlayingCardView.m */ = {isa = PBXFileReference; fileEncoding = 4; lastKnownFileType = sourcecode.c.objc; path = TSPlayingCardView.m; sourceTree = "<group>"; };
		CB9779481733FF4A00E6706B /* BlueCardBack.png */ = {isa = PBXFileReference; lastKnownFileType = image.png; path = BlueCardBack.png; sourceTree = "<group>"; };
		CB9779491733FF4A00E6706B /* RedCardBack.png */ = {isa = PBXFileReference; lastKnownFileType = image.png; path = RedCardBack.png; sourceTree = "<group>"; };
		CB97794A1733FF4A00E6706B /* YugiohCardBack.jpg */ = {isa = PBXFileReference; lastKnownFileType = image.jpeg; path = YugiohCardBack.jpg; sourceTree = "<group>"; };
		CB97794F173400C900E6706B /* Card.h */ = {isa = PBXFileReference; fileEncoding = 4; lastKnownFileType = sourcecode.c.h; path = Card.h; sourceTree = "<group>"; };
		CB977950173400C900E6706B /* Card.m */ = {isa = PBXFileReference; fileEncoding = 4; lastKnownFileType = sourcecode.c.objc; path = Card.m; sourceTree = "<group>"; };
		CB977951173400C900E6706B /* CardGame.h */ = {isa = PBXFileReference; fileEncoding = 4; lastKnownFileType = sourcecode.c.h; path = CardGame.h; sourceTree = "<group>"; };
		CB977952173400C900E6706B /* CardGame.m */ = {isa = PBXFileReference; fileEncoding = 4; lastKnownFileType = sourcecode.c.objc; path = CardGame.m; sourceTree = "<group>"; };
		CB977953173400C900E6706B /* Deck.h */ = {isa = PBXFileReference; fileEncoding = 4; lastKnownFileType = sourcecode.c.h; path = Deck.h; sourceTree = "<group>"; };
		CB977954173400C900E6706B /* Deck.m */ = {isa = PBXFileReference; fileEncoding = 4; lastKnownFileType = sourcecode.c.objc; path = Deck.m; sourceTree = "<group>"; };
		CB977955173400C900E6706B /* PlayingCard.h */ = {isa = PBXFileReference; fileEncoding = 4; lastKnownFileType = sourcecode.c.h; path = PlayingCard.h; sourceTree = "<group>"; };
		CB977956173400C900E6706B /* PlayingCard.m */ = {isa = PBXFileReference; fileEncoding = 4; lastKnownFileType = sourcecode.c.objc; path = PlayingCard.m; sourceTree = "<group>"; };
		CB977957173400C900E6706B /* PlayingCardDeck.h */ = {isa = PBXFileReference; fileEncoding = 4; lastKnownFileType = sourcecode.c.h; path = PlayingCardDeck.h; sourceTree = "<group>"; };
		CB977958173400C900E6706B /* PlayingCardDeck.m */ = {isa = PBXFileReference; fileEncoding = 4; lastKnownFileType = sourcecode.c.objc; path = PlayingCardDeck.m; sourceTree = "<group>"; };
		CB977959173400C900E6706B /* SetCard.h */ = {isa = PBXFileReference; fileEncoding = 4; lastKnownFileType = sourcecode.c.h; path = SetCard.h; sourceTree = "<group>"; };
		CB97795A173400C900E6706B /* SetCard.m */ = {isa = PBXFileReference; fileEncoding = 4; lastKnownFileType = sourcecode.c.objc; path = SetCard.m; sourceTree = "<group>"; };
		CB97795B173400C900E6706B /* SetCardDeck.h */ = {isa = PBXFileReference; fileEncoding = 4; lastKnownFileType = sourcecode.c.h; path = SetCardDeck.h; sourceTree = "<group>"; };
		CB97795C173400C900E6706B /* SetCardDeck.m */ = {isa = PBXFileReference; fileEncoding = 4; lastKnownFileType = sourcecode.c.objc; path = SetCardDeck.m; sourceTree = "<group>"; };
		CB97795D173400C900E6706B /* SetCardGame.h */ = {isa = PBXFileReference; fileEncoding = 4; lastKnownFileType = sourcecode.c.h; path = SetCardGame.h; sourceTree = "<group>"; };
		CB97795E173400C900E6706B /* SetCardGame.m */ = {isa = PBXFileReference; fileEncoding = 4; lastKnownFileType = sourcecode.c.objc; path = SetCardGame.m; sourceTree = "<group>"; };
		CB97795F173400C900E6706B /* Settings.h */ = {isa = PBXFileReference; fileEncoding = 4; lastKnownFileType = sourcecode.c.h; path = Settings.h; sourceTree = "<group>"; };
		CB977960173400C900E6706B /* Settings.m */ = {isa = PBXFileReference; fileEncoding = 4; lastKnownFileType = sourcecode.c.objc; path = Settings.m; sourceTree = "<group>"; };
		CBAB8C421735644F00BDFDD0 /* CardGameViewController.h */ = {isa = PBXFileReference; fileEncoding = 4; lastKnownFileType = sourcecode.c.h; path = CardGameViewController.h; sourceTree = "<group>"; };
		CBAB8C431735644F00BDFDD0 /* CardGameViewController.m */ = {isa = PBXFileReference; fileEncoding = 4; lastKnownFileType = sourcecode.c.objc; path = CardGameViewController.m; sourceTree = "<group>"; };
		CBAB8C45173567DF00BDFDD0 /* TSPlayingCardCollectionViewCell.h */ = {isa = PBXFileReference; fileEncoding = 4; lastKnownFileType = sourcecode.c.h; path = TSPlayingCardCollectionViewCell.h; sourceTree = "<group>"; };
		CBAB8C46173567DF00BDFDD0 /* TSPlayingCardCollectionViewCell.m */ = {isa = PBXFileReference; fileEncoding = 4; lastKnownFileType = sourcecode.c.objc; path = TSPlayingCardCollectionViewCell.m; sourceTree = "<group>"; };
		CBAB8C4817356BCC00BDFDD0 /* TSPlayingCardGameViewController.h */ = {isa = PBXFileReference; fileEncoding = 4; lastKnownFileType = sourcecode.c.h; path = TSPlayingCardGameViewController.h; sourceTree = "<group>"; };
		CBAB8C4917356BCC00BDFDD0 /* TSPlayingCardGameViewController.m */ = {isa = PBXFileReference; fileEncoding = 4; lastKnownFileType = sourcecode.c.objc; path = TSPlayingCardGameViewController.m; sourceTree = "<group>"; };
		CBE4CA721737CB8B004FC315 /* TSSetCardGameViewController.h */ = {isa = PBXFileReference; fileEncoding = 4; lastKnownFileType = sourcecode.c.h; path = TSSetCardGameViewController.h; sourceTree = "<group>"; };
		CBE4CA731737CB8B004FC315 /* TSSetCardGameViewController.m */ = {isa = PBXFileReference; fileEncoding = 4; lastKnownFileType = sourcecode.c.objc; path = TSSetCardGameViewController.m; sourceTree = "<group>"; };
		CBE4CA751737CC89004FC315 /* TSSetCardView.h */ = {isa = PBXFileReference; fileEncoding = 4; lastKnownFileType = sourcecode.c.h; path = TSSetCardView.h; sourceTree = "<group>"; };
		CBE4CA761737CC89004FC315 /* TSSetCardView.m */ = {isa = PBXFileReference; fileEncoding = 4; lastKnownFileType = sourcecode.c.objc; path = TSSetCardView.m; sourceTree = "<group>"; };
		CBE4CA7A1737D098004FC315 /* Constants.h */ = {isa = PBXFileReference; fileEncoding = 4; lastKnownFileType = sourcecode.c.h; path = Constants.h; sourceTree = "<group>"; };
		CBE4CA7B1737D8F0004FC315 /* TSSetCardCollectionViewCell.h */ = {isa = PBXFileReference; fileEncoding = 4; lastKnownFileType = sourcecode.c.h; path = TSSetCardCollectionViewCell.h; sourceTree = "<group>"; };
		CBE4CA7C1737D8F0004FC315 /* TSSetCardCollectionViewCell.m */ = {isa = PBXFileReference; fileEncoding = 4; lastKnownFileType = sourcecode.c.objc; path = TSSetCardCollectionViewCell.m; sourceTree = "<group>"; };
/* End PBXFileReference section */

/* Begin PBXFrameworksBuildPhase section */
		CB97791B1733DE3A00E6706B /* Frameworks */ = {
			isa = PBXFrameworksBuildPhase;
			buildActionMask = 2147483647;
			files = (
				CB9779221733DE3A00E6706B /* UIKit.framework in Frameworks */,
				CB9779241733DE3A00E6706B /* Foundation.framework in Frameworks */,
				CB9779261733DE3A00E6706B /* CoreGraphics.framework in Frameworks */,
			);
			runOnlyForDeploymentPostprocessing = 0;
		};
/* End PBXFrameworksBuildPhase section */

/* Begin PBXGroup section */
		CB9779151733DE3A00E6706B = {
			isa = PBXGroup;
			children = (
				CB9779271733DE3A00E6706B /* Graphical Card Games */,
				CB9779201733DE3A00E6706B /* Frameworks */,
				CB97791F1733DE3A00E6706B /* Products */,
			);
			sourceTree = "<group>";
		};
		CB97791F1733DE3A00E6706B /* Products */ = {
			isa = PBXGroup;
			children = (
				CB97791E1733DE3A00E6706B /* Graphical Card Games.app */,
			);
			name = Products;
			sourceTree = "<group>";
		};
		CB9779201733DE3A00E6706B /* Frameworks */ = {
			isa = PBXGroup;
			children = (
				CB9779211733DE3A00E6706B /* UIKit.framework */,
				CB9779231733DE3A00E6706B /* Foundation.framework */,
				CB9779251733DE3A00E6706B /* CoreGraphics.framework */,
			);
			name = Frameworks;
			sourceTree = "<group>";
		};
		CB9779271733DE3A00E6706B /* Graphical Card Games */ = {
			isa = PBXGroup;
			children = (
				CB97794E173400C900E6706B /* Model */,
				CB9779471733FF3000E6706B /* Images */,
				CBE4CA7A1737D098004FC315 /* Constants.h */,
				CB9779301733DE3A00E6706B /* TSAppDelegate.h */,
				CB9779311733DE3A00E6706B /* TSAppDelegate.m */,
				CB9779391733DE3A00E6706B /* MainStoryboard.storyboard */,
				CBE4CA7E1737D8FA004FC315 /* Playing Card Game */,
				CBE4CA7F1737D908004FC315 /* Set Card Game */,
				CB97793C1733DE3A00E6706B /* TSViewController.h */,
				CB97793D1733DE3A00E6706B /* TSViewController.m */,
				CBAB8C421735644F00BDFDD0 /* CardGameViewController.h */,
				CBAB8C431735644F00BDFDD0 /* CardGameViewController.m */,
				CB9779281733DE3A00E6706B /* Supporting Files */,
			);
			path = "Graphical Card Games";
			sourceTree = "<group>";
		};
		CB9779281733DE3A00E6706B /* Supporting Files */ = {
			isa = PBXGroup;
			children = (
				CB9779291733DE3A00E6706B /* Graphical Card Games-Info.plist */,
				CB97792A1733DE3A00E6706B /* InfoPlist.strings */,
				CB97792D1733DE3A00E6706B /* main.m */,
				CB97792F1733DE3A00E6706B /* Graphical Card Games-Prefix.pch */,
				CB9779331733DE3A00E6706B /* Default.png */,
				CB9779351733DE3A00E6706B /* Default@2x.png */,
				CB9779371733DE3A00E6706B /* Default-568h@2x.png */,
			);
			name = "Supporting Files";
			sourceTree = "<group>";
		};
		CB9779471733FF3000E6706B /* Images */ = {
			isa = PBXGroup;
			children = (
				CB9779481733FF4A00E6706B /* BlueCardBack.png */,
				CB9779491733FF4A00E6706B /* RedCardBack.png */,
				CB97794A1733FF4A00E6706B /* YugiohCardBack.jpg */,
			);
			name = Images;
			sourceTree = "<group>";
		};
		CB97794E173400C900E6706B /* Model */ = {
			isa = PBXGroup;
			children = (
				CB97794F173400C900E6706B /* Card.h */,
				CB977950173400C900E6706B /* Card.m */,
				CB977951173400C900E6706B /* CardGame.h */,
				CB977952173400C900E6706B /* CardGame.m */,
				CB977953173400C900E6706B /* Deck.h */,
				CB977954173400C900E6706B /* Deck.m */,
				CB977955173400C900E6706B /* PlayingCard.h */,
				CB977956173400C900E6706B /* PlayingCard.m */,
				CB977957173400C900E6706B /* PlayingCardDeck.h */,
				CB977958173400C900E6706B /* PlayingCardDeck.m */,
				CB977959173400C900E6706B /* SetCard.h */,
				CB97795A173400C900E6706B /* SetCard.m */,
				CB97795B173400C900E6706B /* SetCardDeck.h */,
				CB97795C173400C900E6706B /* SetCardDeck.m */,
				CB97795D173400C900E6706B /* SetCardGame.h */,
				CB97795E173400C900E6706B /* SetCardGame.m */,
				CB97795F173400C900E6706B /* Settings.h */,
				CB977960173400C900E6706B /* Settings.m */,
			);
			path = Model;
			sourceTree = "<group>";
		};
		CBE4CA7E1737D8FA004FC315 /* Playing Card Game */ = {
			isa = PBXGroup;
			children = (
				CBAB8C45173567DF00BDFDD0 /* TSPlayingCardCollectionViewCell.h */,
				CBAB8C46173567DF00BDFDD0 /* TSPlayingCardCollectionViewCell.m */,
				CB9779441733DE5F00E6706B /* TSPlayingCardView.h */,
				CB9779451733DE5F00E6706B /* TSPlayingCardView.m */,
				CBAB8C4817356BCC00BDFDD0 /* TSPlayingCardGameViewController.h */,
				CBAB8C4917356BCC00BDFDD0 /* TSPlayingCardGameViewController.m */,
			);
			name = "Playing Card Game";
			sourceTree = "<group>";
		};
		CBE4CA7F1737D908004FC315 /* Set Card Game */ = {
			isa = PBXGroup;
			children = (
				CBE4CA7B1737D8F0004FC315 /* TSSetCardCollectionViewCell.h */,
				CBE4CA7C1737D8F0004FC315 /* TSSetCardCollectionViewCell.m */,
				CBE4CA751737CC89004FC315 /* TSSetCardView.h */,
				CBE4CA761737CC89004FC315 /* TSSetCardView.m */,
				CBE4CA721737CB8B004FC315 /* TSSetCardGameViewController.h */,
				CBE4CA731737CB8B004FC315 /* TSSetCardGameViewController.m */,
			);
			name = "Set Card Game";
			sourceTree = "<group>";
		};
/* End PBXGroup section */

/* Begin PBXNativeTarget section */
		CB97791D1733DE3A00E6706B /* Graphical Card Games */ = {
			isa = PBXNativeTarget;
			buildConfigurationList = CB9779411733DE3A00E6706B /* Build configuration list for PBXNativeTarget "Graphical Card Games" */;
			buildPhases = (
				CB97791A1733DE3A00E6706B /* Sources */,
				CB97791B1733DE3A00E6706B /* Frameworks */,
				CB97791C1733DE3A00E6706B /* Resources */,
			);
			buildRules = (
			);
			dependencies = (
			);
			name = "Graphical Card Games";
			productName = "Graphical Card Games";
			productReference = CB97791E1733DE3A00E6706B /* Graphical Card Games.app */;
			productType = "com.apple.product-type.application";
		};
/* End PBXNativeTarget section */

/* Begin PBXProject section */
		CB9779161733DE3A00E6706B /* Project object */ = {
			isa = PBXProject;
			attributes = {
				CLASSPREFIX = TS;
				LastUpgradeCheck = 0460;
				ORGANIZATIONNAME = "Twilight Soft";
			};
			buildConfigurationList = CB9779191733DE3A00E6706B /* Build configuration list for PBXProject "Graphical Card Games" */;
			compatibilityVersion = "Xcode 3.2";
			developmentRegion = English;
			hasScannedForEncodings = 0;
			knownRegions = (
				en,
			);
			mainGroup = CB9779151733DE3A00E6706B;
			productRefGroup = CB97791F1733DE3A00E6706B /* Products */;
			projectDirPath = "";
			projectRoot = "";
			targets = (
				CB97791D1733DE3A00E6706B /* Graphical Card Games */,
			);
		};
/* End PBXProject section */

/* Begin PBXResourcesBuildPhase section */
		CB97791C1733DE3A00E6706B /* Resources */ = {
			isa = PBXResourcesBuildPhase;
			buildActionMask = 2147483647;
			files = (
				CB97792C1733DE3A00E6706B /* InfoPlist.strings in Resources */,
				CB9779341733DE3A00E6706B /* Default.png in Resources */,
				CB9779361733DE3A00E6706B /* Default@2x.png in Resources */,
				CB9779381733DE3A00E6706B /* Default-568h@2x.png in Resources */,
				CB97793B1733DE3A00E6706B /* MainStoryboard.storyboard in Resources */,
				CB97794B1733FF4A00E6706B /* BlueCardBack.png in Resources */,
				CB97794C1733FF4A00E6706B /* RedCardBack.png in Resources */,
				CB97794D1733FF4A00E6706B /* YugiohCardBack.jpg in Resources */,
			);
			runOnlyForDeploymentPostprocessing = 0;
		};
/* End PBXResourcesBuildPhase section */

/* Begin PBXSourcesBuildPhase section */
		CB97791A1733DE3A00E6706B /* Sources */ = {
			isa = PBXSourcesBuildPhase;
			buildActionMask = 2147483647;
			files = (
				CB97792E1733DE3A00E6706B /* main.m in Sources */,
				CB9779321733DE3A00E6706B /* TSAppDelegate.m in Sources */,
				CB97793E1733DE3A00E6706B /* TSViewController.m in Sources */,
				CB9779461733DE5F00E6706B /* TSPlayingCardView.m in Sources */,
				CB977961173400C900E6706B /* Card.m in Sources */,
				CB977962173400C900E6706B /* CardGame.m in Sources */,
				CB977963173400C900E6706B /* Deck.m in Sources */,
				CB977964173400C900E6706B /* PlayingCard.m in Sources */,
				CB977965173400C900E6706B /* PlayingCardDeck.m in Sources */,
				CB977966173400C900E6706B /* SetCard.m in Sources */,
				CB977967173400C900E6706B /* SetCardDeck.m in Sources */,
				CB977968173400C900E6706B /* SetCardGame.m in Sources */,
				CB977969173400C900E6706B /* Settings.m in Sources */,
				CBAB8C441735644F00BDFDD0 /* CardGameViewController.m in Sources */,
				CBAB8C47173567DF00BDFDD0 /* TSPlayingCardCollectionViewCell.m in Sources */,
				CBAB8C4A17356BCC00BDFDD0 /* TSPlayingCardGameViewController.m in Sources */,
				CBE4CA741737CB8B004FC315 /* TSSetCardGameViewController.m in Sources */,
				CBE4CA771737CC89004FC315 /* TSSetCardView.m in Sources */,
				CBE4CA7D1737D8F1004FC315 /* TSSetCardCollectionViewCell.m in Sources */,
			);
			runOnlyForDeploymentPostprocessing = 0;
		};
/* End PBXSourcesBuildPhase section */

/* Begin PBXVariantGroup section */
		CB97792A1733DE3A00E6706B /* InfoPlist.strings */ = {
			isa = PBXVariantGroup;
			children = (
				CB97792B1733DE3A00E6706B /* en */,
			);
			name = InfoPlist.strings;
			sourceTree = "<group>";
		};
		CB9779391733DE3A00E6706B /* MainStoryboard.storyboard */ = {
			isa = PBXVariantGroup;
			children = (
				CB97793A1733DE3A00E6706B /* en */,
			);
			name = MainStoryboard.storyboard;
			sourceTree = "<group>";
		};
/* End PBXVariantGroup section */

/* Begin XCBuildConfiguration section */
		CB97793F1733DE3A00E6706B /* Debug */ = {
			isa = XCBuildConfiguration;
			buildSettings = {
				ALWAYS_SEARCH_USER_PATHS = NO;
				CLANG_CXX_LANGUAGE_STANDARD = "gnu++0x";
				CLANG_CXX_LIBRARY = "libc++";
				CLANG_ENABLE_OBJC_ARC = YES;
				CLANG_WARN_CONSTANT_CONVERSION = YES;
				CLANG_WARN_EMPTY_BODY = YES;
				CLANG_WARN_ENUM_CONVERSION = YES;
				CLANG_WARN_INT_CONVERSION = YES;
				CLANG_WARN__DUPLICATE_METHOD_MATCH = YES;
				"CODE_SIGN_IDENTITY[sdk=iphoneos*]" = "iPhone Developer";
				COPY_PHASE_STRIP = NO;
				GCC_C_LANGUAGE_STANDARD = gnu99;
				GCC_DYNAMIC_NO_PIC = NO;
				GCC_OPTIMIZATION_LEVEL = 0;
				GCC_PREPROCESSOR_DEFINITIONS = (
					"DEBUG=1",
					"$(inherited)",
				);
				GCC_SYMBOLS_PRIVATE_EXTERN = NO;
				GCC_WARN_ABOUT_RETURN_TYPE = YES;
				GCC_WARN_UNINITIALIZED_AUTOS = YES;
				GCC_WARN_UNUSED_VARIABLE = YES;
				IPHONEOS_DEPLOYMENT_TARGET = 6.1;
				ONLY_ACTIVE_ARCH = YES;
				SDKROOT = iphoneos;
			};
			name = Debug;
		};
		CB9779401733DE3A00E6706B /* Release */ = {
			isa = XCBuildConfiguration;
			buildSettings = {
				ALWAYS_SEARCH_USER_PATHS = NO;
				CLANG_CXX_LANGUAGE_STANDARD = "gnu++0x";
				CLANG_CXX_LIBRARY = "libc++";
				CLANG_ENABLE_OBJC_ARC = YES;
				CLANG_WARN_CONSTANT_CONVERSION = YES;
				CLANG_WARN_EMPTY_BODY = YES;
				CLANG_WARN_ENUM_CONVERSION = YES;
				CLANG_WARN_INT_CONVERSION = YES;
				CLANG_WARN__DUPLICATE_METHOD_MATCH = YES;
				"CODE_SIGN_IDENTITY[sdk=iphoneos*]" = "iPhone Developer";
				COPY_PHASE_STRIP = YES;
				GCC_C_LANGUAGE_STANDARD = gnu99;
				GCC_WARN_ABOUT_RETURN_TYPE = YES;
				GCC_WARN_UNINITIALIZED_AUTOS = YES;
				GCC_WARN_UNUSED_VARIABLE = YES;
				IPHONEOS_DEPLOYMENT_TARGET = 6.1;
				OTHER_CFLAGS = "-DNS_BLOCK_ASSERTIONS=1";
				SDKROOT = iphoneos;
				VALIDATE_PRODUCT = YES;
			};
			name = Release;
		};
		CB9779421733DE3A00E6706B /* Debug */ = {
			isa = XCBuildConfiguration;
			buildSettings = {
				GCC_PRECOMPILE_PREFIX_HEADER = YES;
				GCC_PREFIX_HEADER = "Graphical Card Games/Graphical Card Games-Prefix.pch";
				INFOPLIST_FILE = "Graphical Card Games/Graphical Card Games-Info.plist";
				PRODUCT_NAME = "$(TARGET_NAME)";
				WRAPPER_EXTENSION = app;
			};
			name = Debug;
		};
		CB9779431733DE3A00E6706B /* Release */ = {
			isa = XCBuildConfiguration;
			buildSettings = {
				GCC_PRECOMPILE_PREFIX_HEADER = YES;
				GCC_PREFIX_HEADER = "Graphical Card Games/Graphical Card Games-Prefix.pch";
				INFOPLIST_FILE = "Graphical Card Games/Graphical Card Games-Info.plist";
				PRODUCT_NAME = "$(TARGET_NAME)";
				WRAPPER_EXTENSION = app;
			};
			name = Release;
		};
/* End XCBuildConfiguration section */

/* Begin XCConfigurationList section */
		CB9779191733DE3A00E6706B /* Build configuration list for PBXProject "Graphical Card Games" */ = {
			isa = XCConfigurationList;
			buildConfigurations = (
				CB97793F1733DE3A00E6706B /* Debug */,
				CB9779401733DE3A00E6706B /* Release */,
			);
			defaultConfigurationIsVisible = 0;
			defaultConfigurationName = Release;
		};
		CB9779411733DE3A00E6706B /* Build configuration list for PBXNativeTarget "Graphical Card Games" */ = {
			isa = XCConfigurationList;
			buildConfigurations = (
				CB9779421733DE3A00E6706B /* Debug */,
				CB9779431733DE3A00E6706B /* Release */,
			);
			defaultConfigurationIsVisible = 0;
			defaultConfigurationName = Release;
		};
/* End XCConfigurationList section */
	};
	rootObject = CB9779161733DE3A00E6706B /* Project object */;
}
